
Microsoft Visual Studio Solution File, Format Version 12.00
# Visual Studio Version 17
VisualStudioVersion = 17.2.32616.157
MinimumVisualStudioVersion = 10.0.40219.1
Project("{2150E333-8FDC-42A3-9474-1A3956D46DE8}") = "0 - API", "0 - API", "{17D7A1A8-E5F5-4C56-BBB6-4E96E16725E8}"
EndProject
Project("{2150E333-8FDC-42A3-9474-1A3956D46DE8}") = "1 - Service", "1 - Service", "{7ED7F901-8B51-42D0-8425-2FA2DABB7EE5}"
EndProject
Project("{2150E333-8FDC-42A3-9474-1A3956D46DE8}") = "2 - Domain", "2 - Domain", "{CF97BABD-D892-467E-8E0F-0120FA03951D}"
EndProject
Project("{2150E333-8FDC-42A3-9474-1A3956D46DE8}") = "3 - Infrastructure", "3 - Infrastructure", "{444C1F09-84DF-48E5-9A08-DED686023FFF}"
EndProject
Project("{9A19103F-16F7-4668-BE54-9A1E7A4F7556}") = "Sales.Domain", "Sales.Domain\Sales.Domain.csproj", "{3FB19B35-8AF4-4B86-8DC5-45CECDF81AA0}"
EndProject
Project("{2150E333-8FDC-42A3-9474-1A3956D46DE8}") = "4 - Tests", "4 - Tests", "{B757A95A-4DC7-47AC-8F1B-518708A464AD}"
EndProject
Project("{9A19103F-16F7-4668-BE54-9A1E7A4F7556}") = "Sales.Tests", "Sales.Tests\Sales.Tests.csproj", "{D12883B3-4666-4D05-893B-DBC5C7ABBA9A}"
EndProject
Project("{9A19103F-16F7-4668-BE54-9A1E7A4F7556}") = "Sales.Data", "Sales.Data\Sales.Data.csproj", "{22C15EB3-BBC2-485C-AF4B-1299C36A5083}"
EndProject
Project("{9A19103F-16F7-4668-BE54-9A1E7A4F7556}") = "Sales.Api", "Sales.Api\Sales.Api.csproj", "{21D722AF-515D-4F2B-B092-13576B321B17}"
EndProject
Project("{FAE04EC0-301F-11D3-BF4B-00C04F79EFBC}") = "Sales.ApplicationService", "Sales.ApplicationService\Sales.ApplicationService.csproj", "{A11F5859-BB86-4F33-9275-7D0C8FB042AE}"
EndProject
Global
	GlobalSection(SolutionConfigurationPlatforms) = preSolution
		Debug|Any CPU = Debug|Any CPU
		Release|Any CPU = Release|Any CPU
	EndGlobalSection
	GlobalSection(ProjectConfigurationPlatforms) = postSolution
		{3FB19B35-8AF4-4B86-8DC5-45CECDF81AA0}.Debug|Any CPU.ActiveCfg = Debug|Any CPU
		{3FB19B35-8AF4-4B86-8DC5-45CECDF81AA0}.Debug|Any CPU.Build.0 = Debug|Any CPU
		{3FB19B35-8AF4-4B86-8DC5-45CECDF81AA0}.Release|Any CPU.ActiveCfg = Release|Any CPU
		{3FB19B35-8AF4-4B86-8DC5-45CECDF81AA0}.Release|Any CPU.Build.0 = Release|Any CPU
		{D12883B3-4666-4D05-893B-DBC5C7ABBA9A}.Debug|Any CPU.ActiveCfg = Debug|Any CPU
		{D12883B3-4666-4D05-893B-DBC5C7ABBA9A}.Debug|Any CPU.Build.0 = Debug|Any CPU
		{D12883B3-4666-4D05-893B-DBC5C7ABBA9A}.Release|Any CPU.ActiveCfg = Release|Any CPU
		{D12883B3-4666-4D05-893B-DBC5C7ABBA9A}.Release|Any CPU.Build.0 = Release|Any CPU
		{22C15EB3-BBC2-485C-AF4B-1299C36A5083}.Debug|Any CPU.ActiveCfg = Debug|Any CPU
		{22C15EB3-BBC2-485C-AF4B-1299C36A5083}.Debug|Any CPU.Build.0 = Debug|Any CPU
		{22C15EB3-BBC2-485C-AF4B-1299C36A5083}.Release|Any CPU.ActiveCfg = Release|Any CPU
		{22C15EB3-BBC2-485C-AF4B-1299C36A5083}.Release|Any CPU.Build.0 = Release|Any CPU
		{21D722AF-515D-4F2B-B092-13576B321B17}.Debug|Any CPU.ActiveCfg = Debug|Any CPU
		{21D722AF-515D-4F2B-B092-13576B321B17}.Debug|Any CPU.Build.0 = Debug|Any CPU
		{21D722AF-515D-4F2B-B092-13576B321B17}.Release|Any CPU.ActiveCfg = Release|Any CPU
		{21D722AF-515D-4F2B-B092-13576B321B17}.Release|Any CPU.Build.0 = Release|Any CPU
		{A11F5859-BB86-4F33-9275-7D0C8FB042AE}.Debug|Any CPU.ActiveCfg = Debug|Any CPU
		{A11F5859-BB86-4F33-9275-7D0C8FB042AE}.Debug|Any CPU.Build.0 = Debug|Any CPU
		{A11F5859-BB86-4F33-9275-7D0C8FB042AE}.Release|Any CPU.ActiveCfg = Release|Any CPU
		{A11F5859-BB86-4F33-9275-7D0C8FB042AE}.Release|Any CPU.Build.0 = Release|Any CPU
	EndGlobalSection
	GlobalSection(SolutionProperties) = preSolution
		HideSolutionNode = FALSE
	EndGlobalSection
	GlobalSection(NestedProjects) = preSolution
		{3FB19B35-8AF4-4B86-8DC5-45CECDF81AA0} = {CF97BABD-D892-467E-8E0F-0120FA03951D}
		{D12883B3-4666-4D05-893B-DBC5C7ABBA9A} = {B757A95A-4DC7-47AC-8F1B-518708A464AD}
		{22C15EB3-BBC2-485C-AF4B-1299C36A5083} = {444C1F09-84DF-48E5-9A08-DED686023FFF}
		{21D722AF-515D-4F2B-B092-13576B321B17} = {17D7A1A8-E5F5-4C56-BBB6-4E96E16725E8}
		{A11F5859-BB86-4F33-9275-7D0C8FB042AE} = {7ED7F901-8B51-42D0-8425-2FA2DABB7EE5}
	EndGlobalSection
	GlobalSection(ExtensibilityGlobals) = postSolution
		SolutionGuid = {957BEEA6-20CE-42FC-910B-4F46B33279E6}
	EndGlobalSection
EndGlobal
